{
  "lockfileVersion": 1,
  "configVersion": 1,
  "workspaces": {
    "": {
      "dependencies": {
        "@wterm/dom": "^0.3.4",
      },
    },
  },
  "packages": {
    "@wterm/core": ["@wterm/core@0.3.4", "", {}, "sha512-GZoAxybV6FY+o2L4VcZupipkcNKM4Dv4UGekRvuohDJ9oSAzwGgw4J8UGZlXllDLV0pKg3pmIGoukMat6EQ/pQ=="],

    "@wterm/dom": ["@wterm/dom@0.3.4", "", { "dependencies": { "@wterm/core": "0.3.4" } }, "sha512-4TYaCJpAo9B3CMsCuApS65X7nExbMZ7QjcLbJCI0132hzccQ2EdG8NX2I2AELbGbDIeWNcDYD3ReqVtbEcQwqA=="],
  }
}
